
Microsoft Visual Studio Solution File, Format Version 12.00
# Visual Studio Version 17
VisualStudioVersion = 17.5.33516.290
MinimumVisualStudioVersion = 10.0.40219.1
Project("{FAE04EC0-301F-11D3-BF4B-00C04F79EFBC}") = "DataStructure", "DataStructure\DataStructure.csproj", "{3945EAC9-9265-4859-A1BD-6517AFDCED51}"
EndProject
Global
	GlobalSection(SolutionConfigurationPlatforms) = preSolution
		Debug|Any CPU = Debug|Any CPU
		Release|Any CPU = Release|Any CPU
	EndGlobalSection
	GlobalSection(ProjectConfigurationPlatforms) = postSolution
		{3945EAC9-9265-4859-A1BD-6517AFDCED51}.Debug|Any CPU.ActiveCfg = Debug|Any CPU
		{3945EAC9-9265-4859-A1BD-6517AFDCED51}.Debug|Any CPU.Build.0 = Debug|Any CPU
		{3945EAC9-9265-4859-A1BD-6517AFDCED51}.Release|Any CPU.ActiveCfg = Release|Any CPU
		{3945EAC9-9265-4859-A1BD-6517AFDCED51}.Release|Any CPU.Build.0 = Release|Any CPU
	EndGlobalSection
	GlobalSection(SolutionProperties) = preSolution
		HideSolutionNode = FALSE
	EndGlobalSection
	GlobalSection(ExtensibilityGlobals) = postSolution
		SolutionGuid = {6F76C14B-4AB6-4665-95EA-8412705964FE}
	EndGlobalSection
EndGlobal
